// !$*UTF8*$!
{
	archiveVersion = 1;
	classes = {
	};
	objectVersion = 55;
	objects = {

/* Begin PBXBuildFile section */
		822DCAB82859E8800051F4A1 /* Tests_iOS.swift in Sources */ = {isa = PBXBuildFile; fileRef = 822DCAB72859E8800051F4A1 /* Tests_iOS.swift */; };
		822DCABA2859E8800051F4A1 /* Tests_iOSLaunchTests.swift in Sources */ = {isa = PBXBuildFile; fileRef = 822DCAB92859E8800051F4A1 /* Tests_iOSLaunchTests.swift */; };
		822DCAC42859E8800051F4A1 /* Tests_macOS.swift in Sources */ = {isa = PBXBuildFile; fileRef = 822DCAC32859E8800051F4A1 /* Tests_macOS.swift */; };
		822DCAC62859E8800051F4A1 /* Tests_macOSLaunchTests.swift in Sources */ = {isa = PBXBuildFile; fileRef = 822DCAC52859E8800051F4A1 /* Tests_macOSLaunchTests.swift */; };
		822DCAC72859E8800051F4A1 /* github_xcodeApp.swift in Sources */ = {isa = PBXBuildFile; fileRef = 822DCA9F2859E87D0051F4A1 /* github_xcodeApp.swift */; };
		822DCAC82859E8800051F4A1 /* github_xcodeApp.swift in Sources */ = {isa = PBXBuildFile; fileRef = 822DCA9F2859E87D0051F4A1 /* github_xcodeApp.swift */; };
		822DCAC92859E8800051F4A1 /* ContentView.swift in Sources */ = {isa = PBXBuildFile; fileRef = 822DCAA02859E87D0051F4A1 /* ContentView.swift */; };
		822DCACA2859E8800051F4A1 /* ContentView.swift in Sources */ = {isa = PBXBuildFile; fileRef = 822DCAA02859E87D0051F4A1 /* ContentView.swift */; };
		822DCACB2859E8800051F4A1 /* Assets.xcassets in Resources */ = {isa = PBXBuildFile; fileRef = 822DCAA12859E8800051F4A1 /* Assets.xcassets */; };
		822DCACC2859E8800051F4A1 /* Assets.xcassets in Resources */ = {isa = PBXBuildFile; fileRef = 822DCAA12859E8800051F4A1 /* Assets.xcassets */; };
/* End PBXBuildFile section */

/* Begin PBXContainerItemProxy section */
		822DCAB42859E8800051F4A1 /* PBXContainerItemProxy */ = {
			isa = PBXContainerItemProxy;
			containerPortal = 822DCA9A2859E87D0051F4A1 /* Project object */;
			proxyType = 1;
			remoteGlobalIDString = 822DCAA52859E8800051F4A1;
			remoteInfo = "github_xcode (iOS)";
		};
		822DCAC02859E8800051F4A1 /* PBXContainerItemProxy */ = {
			isa = PBXContainerItemProxy;
			containerPortal = 822DCA9A2859E87D0051F4A1 /* Project object */;
			proxyType = 1;
			remoteGlobalIDString = 822DCAAB2859E8800051F4A1;
			remoteInfo = "github_xcode (macOS)";
		};
/* End PBXContainerItemProxy section */

/* Begin PBXFileReference section */
		822DCA9F2859E87D0051F4A1 /* github_xcodeApp.swift */ = {isa = PBXFileReference; lastKnownFileType = sourcecode.swift; path = github_xcodeApp.swift; sourceTree = "<group>"; };
		822DCAA02859E87D0051F4A1 /* ContentView.swift */ = {isa = PBXFileReference; lastKnownFileType = sourcecode.swift; path = ContentView.swift; sourceTree = "<group>"; };
		822DCAA12859E8800051F4A1 /* Assets.xcassets */ = {isa = PBXFileReference; lastKnownFileType = folder.assetcatalog; path = Assets.xcassets; sourceTree = "<group>"; };
		822DCAA62859E8800051F4A1 /* github_xcode.app */ = {isa = PBXFileReference; explicitFileType = wrapper.application; includeInIndex = 0; path = github_xcode.app; sourceTree = BUILT_PRODUCTS_DIR; };
		822DCAAC2859E8800051F4A1 /* github_xcode.app */ = {isa = PBXFileReference; explicitFileType = wrapper.application; includeInIndex = 0; path = github_xcode.app; sourceTree = BUILT_PRODUCTS_DIR; };
		822DCAAE2859E8800051F4A1 /* macOS.entitlements */ = {isa = PBXFileReference; lastKnownFileType = text.plist.entitlements; path = macOS.entitlements; sourceTree = "<group>"; };
		822DCAB32859E8800051F4A1 /* Tests iOS.xctest */ = {isa = PBXFileReference; explicitFileType = wrapper.cfbundle; includeInIndex = 0; path = "Tests iOS.xctest"; sourceTree = BUILT_PRODUCTS_DIR; };
		822DCAB72859E8800051F4A1 /* Tests_iOS.swift */ = {isa = PBXFileReference; lastKnownFileType = sourcecode.swift; path = Tests_iOS.swift; sourceTree = "<group>"; };
		822DCAB92859E8800051F4A1 /* Tests_iOSLaunchTests.swift */ = {isa = PBXFileReference; lastKnownFileType = sourcecode.swift; path = Tests_iOSLaunchTests.swift; sourceTree = "<group>"; };
		822DCABF2859E8800051F4A1 /* Tests macOS.xctest */ = {isa = PBXFileReference; explicitFileType = wrapper.cfbundle; includeInIndex = 0; path = "Tests macOS.xctest"; sourceTree = BUILT_PRODUCTS_DIR; };
		822DCAC32859E8800051F4A1 /* Tests_macOS.swift */ = {isa = PBXFileReference; lastKnownFileType = sourcecode.swift; path = Tests_macOS.swift; sourceTree = "<group>"; };
		822DCAC52859E8800051F4A1 /* Tests_macOSLaunchTests.swift */ = {isa = PBXFileReference; lastKnownFileType = sourcecode.swift; path = Tests_macOSLaunchTests.swift; sourceTree = "<group>"; };
/* End PBXFileReference section */

/* Begin PBXFrameworksBuildPhase section */
		822DCAA32859E8800051F4A1 /* Frameworks */ = {
			isa = PBXFrameworksBuildPhase;
			buildActionMask = 2147483647;
			files = (
			);
			runOnlyForDeploymentPostprocessing = 0;
		};
		822DCAA92859E8800051F4A1 /* Frameworks */ = {
			isa = PBXFrameworksBuildPhase;
			buildActionMask = 2147483647;
			files = (
			);
			runOnlyForDeploymentPostprocessing = 0;
		};
		822DCAB02859E8800051F4A1 /* Frameworks */ = {
			isa = PBXFrameworksBuildPhase;
			buildActionMask = 2147483647;
			files = (
			);
			runOnlyForDeploymentPostprocessing = 0;
		};
		822DCABC2859E8800051F4A1 /* Frameworks */ = {
			isa = PBXFrameworksBuildPhase;
			buildActionMask = 2147483647;
			files = (
			);
			runOnlyForDeploymentPostprocessing = 0;
		};
/* End PBXFrameworksBuildPhase section */

/* Begin PBXGroup section */
		822DCA992859E87D0051F4A1 = {
			isa = PBXGroup;
			children = (
				822DCA9E2859E87D0051F4A1 /* Shared */,
				822DCAAD2859E8800051F4A1 /* macOS */,
				822DCAB62859E8800051F4A1 /* Tests iOS */,
				822DCAC22859E8800051F4A1 /* Tests macOS */,
				822DCAA72859E8800051F4A1 /* Products */,
			);
			sourceTree = "<group>";
		};
		822DCA9E2859E87D0051F4A1 /* Shared */ = {
			isa = PBXGroup;
			children = (
				822DCA9F2859E87D0051F4A1 /* github_xcodeApp.swift */,
				822DCAA02859E87D0051F4A1 /* ContentView.swift */,
				822DCAA12859E8800051F4A1 /* Assets.xcassets */,
			);
			path = Shared;
			sourceTree = "<group>";
		};
		822DCAA72859E8800051F4A1 /* Products */ = {
			isa = PBXGroup;
			children = (
				822DCAA62859E8800051F4A1 /* github_xcode.app */,
				822DCAAC2859E8800051F4A1 /* github_xcode.app */,
				822DCAB32859E8800051F4A1 /* Tests iOS.xctest */,
				822DCABF2859E8800051F4A1 /* Tests macOS.xctest */,
			);
			name = Products;
			sourceTree = "<group>";
		};
		822DCAAD2859E8800051F4A1 /* macOS */ = {
			isa = PBXGroup;
			children = (
				822DCAAE2859E8800051F4A1 /* macOS.entitlements */,
			);
			path = macOS;
			sourceTree = "<group>";
		};
		822DCAB62859E8800051F4A1 /* Tests iOS */ = {
			isa = PBXGroup;
			children = (
				822DCAB72859E8800051F4A1 /* Tests_iOS.swift */,
				822DCAB92859E8800051F4A1 /* Tests_iOSLaunchTests.swift */,
			);
			path = "Tests iOS";
			sourceTree = "<group>";
		};
		822DCAC22859E8800051F4A1 /* Tests macOS */ = {
			isa = PBXGroup;
			children = (
				822DCAC32859E8800051F4A1 /* Tests_macOS.swift */,
				822DCAC52859E8800051F4A1 /* Tests_macOSLaunchTests.swift */,
			);
			path = "Tests macOS";
			sourceTree = "<group>";
		};
/* End PBXGroup section */

/* Begin PBXNativeTarget section */
		822DCAA52859E8800051F4A1 /* github_xcode (iOS) */ = {
			isa = PBXNativeTarget;
			buildConfigurationList = 822DCACF2859E8800051F4A1 /* Build configuration list for PBXNativeTarget "github_xcode (iOS)" */;
			buildPhases = (
				822DCAA22859E8800051F4A1 /* Sources */,
				822DCAA32859E8800051F4A1 /* Frameworks */,
				822DCAA42859E8800051F4A1 /* Resources */,
			);
			buildRules = (
			);
			dependencies = (
			);
			name = "github_xcode (iOS)";
			productName = "github_xcode (iOS)";
			productReference = 822DCAA62859E8800051F4A1 /* github_xcode.app */;
			productType = "com.apple.product-type.application";
		};
		822DCAAB2859E8800051F4A1 /* github_xcode (macOS) */ = {
			isa = PBXNativeTarget;
			buildConfigurationList = 822DCAD22859E8800051F4A1 /* Build configuration list for PBXNativeTarget "github_xcode (macOS)" */;
			buildPhases = (
				822DCAA82859E8800051F4A1 /* Sources */,
				822DCAA92859E8800051F4A1 /* Frameworks */,
				822DCAAA2859E8800051F4A1 /* Resources */,
			);
			buildRules = (
			);
			dependencies = (
			);
			name = "github_xcode (macOS)";
			productName = "github_xcode (macOS)";
			productReference = 822DCAAC2859E8800051F4A1 /* github_xcode.app */;
			productType = "com.apple.product-type.application";
		};
		822DCAB22859E8800051F4A1 /* Tests iOS */ = {
			isa = PBXNativeTarget;
			buildConfigurationList = 822DCAD52859E8800051F4A1 /* Build configuration list for PBXNativeTarget "Tests iOS" */;
			buildPhases = (
				822DCAAF2859E8800051F4A1 /* Sources */,
				822DCAB02859E8800051F4A1 /* Frameworks */,
				822DCAB12859E8800051F4A1 /* Resources */,
			);
			buildRules = (
			);
			dependencies = (
				822DCAB52859E8800051F4A1 /* PBXTargetDependency */,
			);
			name = "Tests iOS";
			productName = "Tests iOS";
			productReference = 822DCAB32859E8800051F4A1 /* Tests iOS.xctest */;
			productType = "com.apple.product-type.bundle.ui-testing";
		};
		822DCABE2859E8800051F4A1 /* Tests macOS */ = {
			isa = PBXNativeTarget;
			buildConfigurationList = 822DCAD82859E8800051F4A1 /* Build configuration list for PBXNativeTarget "Tests macOS" */;
			buildPhases = (
				822DCABB2859E8800051F4A1 /* Sources */,
				822DCABC2859E8800051F4A1 /* Frameworks */,
				822DCABD2859E8800051F4A1 /* Resources */,
			);
			buildRules = (
			);
			dependencies = (
				822DCAC12859E8800051F4A1 /* PBXTargetDependency */,
			);
			name = "Tests macOS";
			productName = "Tests macOS";
			productReference = 822DCABF2859E8800051F4A1 /* Tests macOS.xctest */;
			productType = "com.apple.product-type.bundle.ui-testing";
		};
/* End PBXNativeTarget section */

/* Begin PBXProject section */
		822DCA9A2859E87D0051F4A1 /* Project object */ = {
			isa = PBXProject;
			attributes = {
				BuildIndependentTargetsInParallel = 1;
				LastSwiftUpdateCheck = 1340;
				LastUpgradeCheck = 1340;
				TargetAttributes = {
					822DCAA52859E8800051F4A1 = {
						CreatedOnToolsVersion = 13.4.1;
					};
					822DCAAB2859E8800051F4A1 = {
						CreatedOnToolsVersion = 13.4.1;
					};
					822DCAB22859E8800051F4A1 = {
						CreatedOnToolsVersion = 13.4.1;
						TestTargetID = 822DCAA52859E8800051F4A1;
					};
					822DCABE2859E8800051F4A1 = {
						CreatedOnToolsVersion = 13.4.1;
						TestTargetID = 822DCAAB2859E8800051F4A1;
					};
				};
			};
			buildConfigurationList = 822DCA9D2859E87D0051F4A1 /* Build configuration list for PBXProject "github_xcode" */;
			compatibilityVersion = "Xcode 13.0";
			developmentRegion = en;
			hasScannedForEncodings = 0;
			knownRegions = (
				en,
				Base,
			);
			mainGroup = 822DCA992859E87D0051F4A1;
			productRefGroup = 822DCAA72859E8800051F4A1 /* Products */;
			projectDirPath = "";
			projectRoot = "";
			targets = (
				822DCAA52859E8800051F4A1 /* github_xcode (iOS) */,
				822DCAAB2859E8800051F4A1 /* github_xcode (macOS) */,
				822DCAB22859E8800051F4A1 /* Tests iOS */,
				822DCABE2859E8800051F4A1 /* Tests macOS */,
			);
		};
/* End PBXProject section */

/* Begin PBXResourcesBuildPhase section */
		822DCAA42859E8800051F4A1 /* Resources */ = {
			isa = PBXResourcesBuildPhase;
			buildActionMask = 2147483647;
			files = (
				822DCACB2859E8800051F4A1 /* Assets.xcassets in Resources */,
			);
			runOnlyForDeploymentPostprocessing = 0;
		};
		822DCAAA2859E8800051F4A1 /* Resources */ = {
			isa = PBXResourcesBuildPhase;
			buildActionMask = 2147483647;
			files = (
				822DCACC2859E8800051F4A1 /* Assets.xcassets in Resources */,
			);
			runOnlyForDeploymentPostprocessing = 0;
		};
		822DCAB12859E8800051F4A1 /* Resources */ = {
			isa = PBXResourcesBuildPhase;
			buildActionMask = 2147483647;
			files = (
			);
			runOnlyForDeploymentPostprocessing = 0;
		};
		822DCABD2859E8800051F4A1 /* Resources */ = {
			isa = PBXResourcesBuildPhase;
			buildActionMask = 2147483647;
			files = (
			);
			runOnlyForDeploymentPostprocessing = 0;
		};
/* End PBXResourcesBuildPhase section */

/* Begin PBXSourcesBuildPhase section */
		822DCAA22859E8800051F4A1 /* Sources */ = {
			isa = PBXSourcesBuildPhase;
			buildActionMask = 2147483647;
			files = (
				822DCAC92859E8800051F4A1 /* ContentView.swift in Sources */,
				822DCAC72859E8800051F4A1 /* github_xcodeApp.swift in Sources */,
			);
			runOnlyForDeploymentPostprocessing = 0;
		};
		822DCAA82859E8800051F4A1 /* Sources */ = {
			isa = PBXSourcesBuildPhase;
			buildActionMask = 2147483647;
			files = (
				822DCACA2859E8800051F4A1 /* ContentView.swift in Sources */,
				822DCAC82859E8800051F4A1 /* github_xcodeApp.swift in Sources */,
			);
			runOnlyForDeploymentPostprocessing = 0;
		};
		822DCAAF2859E8800051F4A1 /* Sources */ = {
			isa = PBXSourcesBuildPhase;
			buildActionMask = 2147483647;
			files = (
				822DCABA2859E8800051F4A1 /* Tests_iOSLaunchTests.swift in Sources */,
				822DCAB82859E8800051F4A1 /* Tests_iOS.swift in Sources */,
			);
			runOnlyForDeploymentPostprocessing = 0;
		};
		822DCABB2859E8800051F4A1 /* Sources */ = {
			isa = PBXSourcesBuildPhase;
			buildActionMask = 2147483647;
			files = (
				822DCAC62859E8800051F4A1 /* Tests_macOSLaunchTests.swift in Sources */,
				822DCAC42859E8800051F4A1 /* Tests_macOS.swift in Sources */,
			);
			runOnlyForDeploymentPostprocessing = 0;
		};
/* End PBXSourcesBuildPhase section */

/* Begin PBXTargetDependency section */
		822DCAB52859E8800051F4A1 /* PBXTargetDependency */ = {
			isa = PBXTargetDependency;
			target = 822DCAA52859E8800051F4A1 /* github_xcode (iOS) */;
			targetProxy = 822DCAB42859E8800051F4A1 /* PBXContainerItemProxy */;
		};
		822DCAC12859E8800051F4A1 /* PBXTargetDependency */ = {
			isa = PBXTargetDependency;
			target = 822DCAAB2859E8800051F4A1 /* github_xcode (macOS) */;
			targetProxy = 822DCAC02859E8800051F4A1 /* PBXContainerItemProxy */;
		};
/* End PBXTargetDependency section */

/* Begin XCBuildConfiguration section */
		822DCACD2859E8800051F4A1 /* Debug */ = {
			isa = XCBuildConfiguration;
			buildSettings = {
				ALWAYS_SEARCH_USER_PATHS = NO;
				CLANG_ANALYZER_NONNULL = YES;
				CLANG_ANALYZER_NUMBER_OBJECT_CONVERSION = YES_AGGRESSIVE;
				CLANG_CXX_LANGUAGE_STANDARD = "gnu++17";
				CLANG_ENABLE_MODULES = YES;
				CLANG_ENABLE_OBJC_ARC = YES;
				CLANG_ENABLE_OBJC_WEAK = YES;
				CLANG_WARN_BLOCK_CAPTURE_AUTORELEASING = YES;
				CLANG_WARN_BOOL_CONVERSION = YES;
				CLANG_WARN_COMMA = YES;
				CLANG_WARN_CONSTANT_CONVERSION = YES;
				CLANG_WARN_DEPRECATED_OBJC_IMPLEMENTATIONS = YES;
				CLANG_WARN_DIRECT_OBJC_ISA_USAGE = YES_ERROR;
				CLANG_WARN_DOCUMENTATION_COMMENTS = YES;
				CLANG_WARN_EMPTY_BODY = YES;
				CLANG_WARN_ENUM_CONVERSION = YES;
				CLANG_WARN_INFINITE_RECURSION = YES;
				CLANG_WARN_INT_CONVERSION = YES;
				CLANG_WARN_NON_LITERAL_NULL_CONVERSION = YES;
				CLANG_WARN_OBJC_IMPLICIT_RETAIN_SELF = YES;
				CLANG_WARN_OBJC_LITERAL_CONVERSION = YES;
				CLANG_WARN_OBJC_ROOT_CLASS = YES_ERROR;
				CLANG_WARN_QUOTED_INCLUDE_IN_FRAMEWORK_HEADER = YES;
				CLANG_WARN_RANGE_LOOP_ANALYSIS = YES;
				CLANG_WARN_STRICT_PROTOTYPES = YES;
				CLANG_WARN_SUSPICIOUS_MOVE = YES;
				CLANG_WARN_UNGUARDED_AVAILABILITY = YES_AGGRESSIVE;
				CLANG_WARN_UNREACHABLE_CODE = YES;
				CLANG_WARN__DUPLICATE_METHOD_MATCH = YES;
				COPY_PHASE_STRIP = NO;
				DEBUG_INFORMATION_FORMAT = dwarf;
				ENABLE_STRICT_OBJC_MSGSEND = YES;
				ENABLE_TESTABILITY = YES;
				GCC_C_LANGUAGE_STANDARD = gnu11;
				GCC_DYNAMIC_NO_PIC = NO;
				GCC_NO_COMMON_BLOCKS = YES;
				GCC_OPTIMIZATION_LEVEL = 0;
				GCC_PREPROCESSOR_DEFINITIONS = (
					"DEBUG=1",
					"$(inherited)",
				);
				GCC_WARN_64_TO_32_BIT_CONVERSION = YES;
				GCC_WARN_ABOUT_RETURN_TYPE = YES_ERROR;
				GCC_WARN_UNDECLARED_SELECTOR = YES;
				GCC_WARN_UNINITIALIZED_AUTOS = YES_AGGRESSIVE;
				GCC_WARN_UNUSED_FUNCTION = YES;
				GCC_WARN_UNUSED_VARIABLE = YES;
				MTL_ENABLE_DEBUG_INFO = INCLUDE_SOURCE;
				MTL_FAST_MATH = YES;
				ONLY_ACTIVE_ARCH = YES;
				SWIFT_ACTIVE_COMPILATION_CONDITIONS = DEBUG;
				SWIFT_OPTIMIZATION_LEVEL = "-Onone";
			};
			name = Debug;
		};
		822DCACE2859E8800051F4A1 /* Release */ = {
			isa = XCBuildConfiguration;
			buildSettings = {
				ALWAYS_SEARCH_USER_PATHS = NO;
				CLANG_ANALYZER_NONNULL = YES;
				CLANG_ANALYZER_NUMBER_OBJECT_CONVERSION = YES_AGGRESSIVE;
				CLANG_CXX_LANGUAGE_STANDARD = "gnu++17";
				CLANG_ENABLE_MODULES = YES;
				CLANG_ENABLE_OBJC_ARC = YES;
				CLANG_ENABLE_OBJC_WEAK = YES;
				CLANG_WARN_BLOCK_CAPTURE_AUTORELEASING = YES;
				CLANG_WARN_BOOL_CONVERSION = YES;
				CLANG_WARN_COMMA = YES;
				CLANG_WARN_CONSTANT_CONVERSION = YES;
				CLANG_WARN_DEPRECATED_OBJC_IMPLEMENTATIONS = YES;
				CLANG_WARN_DIRECT_OBJC_ISA_USAGE = YES_ERROR;
				CLANG_WARN_DOCUMENTATION_COMMENTS = YES;
				CLANG_WARN_EMPTY_BODY = YES;
				CLANG_WARN_ENUM_CONVERSION = YES;
				CLANG_WARN_INFINITE_RECURSION = YES;
				CLANG_WARN_INT_CONVERSION = YES;
				CLANG_WARN_NON_LITERAL_NULL_CONVERSION = YES;
				CLANG_WARN_OBJC_IMPLICIT_RETAIN_SELF = YES;
				CLANG_WARN_OBJC_LITERAL_CONVERSION = YES;
				CLANG_WARN_OBJC_ROOT_CLASS = YES_ERROR;
				CLANG_WARN_QUOTED_INCLUDE_IN_FRAMEWORK_HEADER = YES;
				CLANG_WARN_RANGE_LOOP_ANALYSIS = YES;
				CLANG_WARN_STRICT_PROTOTYPES = YES;
				CLANG_WARN_SUSPICIOUS_MOVE = YES;
				CLANG_WARN_UNGUARDED_AVAILABILITY = YES_AGGRESSIVE;
				CLANG_WARN_UNREACHABLE_CODE = YES;
				CLANG_WARN__DUPLICATE_METHOD_MATCH = YES;
				COPY_PHASE_STRIP = NO;
				DEBUG_INFORMATION_FORMAT = "dwarf-with-dsym";
				ENABLE_NS_ASSERTIONS = NO;
				ENABLE_STRICT_OBJC_MSGSEND = YES;
				GCC_C_LANGUAGE_STANDARD = gnu11;
				GCC_NO_COMMON_BLOCKS = YES;
				GCC_WARN_64_TO_32_BIT_CONVERSION = YES;
				GCC_WARN_ABOUT_RETURN_TYPE = YES_ERROR;
				GCC_WARN_UNDECLARED_SELECTOR = YES;
				GCC_WARN_UNINITIALIZED_AUTOS = YES_AGGRESSIVE;
				GCC_WARN_UNUSED_FUNCTION = YES;
				GCC_WARN_UNUSED_VARIABLE = YES;
				MTL_ENABLE_DEBUG_INFO = NO;
				MTL_FAST_MATH = YES;
				SWIFT_COMPILATION_MODE = wholemodule;
				SWIFT_OPTIMIZATION_LEVEL = "-O";
			};
			name = Release;
		};
		822DCAD02859E8800051F4A1 /* Debug */ = {
			isa = XCBuildConfiguration;
			buildSettings = {
				ASSETCATALOG_COMPILER_APPICON_NAME = AppIcon;
				ASSETCATALOG_COMPILER_GLOBAL_ACCENT_COLOR_NAME = AccentColor;
				CODE_SIGN_STYLE = Automatic;
				CURRENT_PROJECT_VERSION = 1;
				ENABLE_PREVIEWS = YES;
				GENERATE_INFOPLIST_FILE = YES;
				INFOPLIST_KEY_UIApplicationSceneManifest_Generation = YES;
				INFOPLIST_KEY_UIApplicationSupportsIndirectInputEvents = YES;
				INFOPLIST_KEY_UILaunchScreen_Generation = YES;
				INFOPLIST_KEY_UISupportedInterfaceOrientations_iPad = "UIInterfaceOrientationPortrait UIInterfaceOrientationPortraitUpsideDown UIInterfaceOrientationLandscapeLeft UIInterfaceOrientationLandscapeRight";
				INFOPLIST_KEY_UISupportedInterfaceOrientations_iPhone = "UIInterfaceOrientationPortrait UIInterfaceOrientationLandscapeLeft UIInterfaceOrientationLandscapeRight";
				IPHONEOS_DEPLOYMENT_TARGET = 15.5;
				LD_RUNPATH_SEARCH_PATHS = (
					"$(inherited)",
					"@executable_path/Frameworks",
				);
				MARKETING_VERSION = 1.0;
				PRODUCT_BUNDLE_IDENTIFIER = "Kazuhiro-Owada.github-xcode";
				PRODUCT_NAME = github_xcode;
				SDKROOT = iphoneos;
				SWIFT_EMIT_LOC_STRINGS = YES;
				SWIFT_VERSION = 5.0;
				TARGETED_DEVICE_FAMILY = "1,2";
			};
			name = Debug;
		};
		822DCAD12859E8800051F4A1 /* Release */ = {
			isa = XCBuildConfiguration;
			buildSettings = {
				ASSETCATALOG_COMPILER_APPICON_NAME = AppIcon;
				ASSETCATALOG_COMPILER_GLOBAL_ACCENT_COLOR_NAME = AccentColor;
				CODE_SIGN_STYLE = Automatic;
				CURRENT_PROJECT_VERSION = 1;
				ENABLE_PREVIEWS = YES;
				GENERATE_INFOPLIST_FILE = YES;
				INFOPLIST_KEY_UIApplicationSceneManifest_Generation = YES;
				INFOPLIST_KEY_UIApplicationSupportsIndirectInputEvents = YES;
				INFOPLIST_KEY_UILaunchScreen_Generation = YES;
				INFOPLIST_KEY_UISupportedInterfaceOrientations_iPad = "UIInterfaceOrientationPortrait UIInterfaceOrientationPortraitUpsideDown UIInterfaceOrientationLandscapeLeft UIInterfaceOrientationLandscapeRight";
				INFOPLIST_KEY_UISupportedInterfaceOrientations_iPhone = "UIInterfaceOrientationPortrait UIInterfaceOrientationLandscapeLeft UIInterfaceOrientationLandscapeRight";
				IPHONEOS_DEPLOYMENT_TARGET = 15.5;
				LD_RUNPATH_SEARCH_PATHS = (
					"$(inherited)",
					"@executable_path/Frameworks",
				);
				MARKETING_VERSION = 1.0;
				PRODUCT_BUNDLE_IDENTIFIER = "Kazuhiro-Owada.github-xcode";
				PRODUCT_NAME = github_xcode;
				SDKROOT = iphoneos;
				SWIFT_EMIT_LOC_STRINGS = YES;
				SWIFT_VERSION = 5.0;
				TARGETED_DEVICE_FAMILY = "1,2";
				VALIDATE_PRODUCT = YES;
			};
			name = Release;
		};
		822DCAD32859E8800051F4A1 /* Debug */ = {
			isa = XCBuildConfiguration;
			buildSettings = {
				ASSETCATALOG_COMPILER_APPICON_NAME = AppIcon;
				ASSETCATALOG_COMPILER_GLOBAL_ACCENT_COLOR_NAME = AccentColor;
				CODE_SIGN_ENTITLEMENTS = macOS/macOS.entitlements;
				CODE_SIGN_STYLE = Automatic;
				COMBINE_HIDPI_IMAGES = YES;
				CURRENT_PROJECT_VERSION = 1;
				ENABLE_PREVIEWS = YES;
				GENERATE_INFOPLIST_FILE = YES;
				INFOPLIST_KEY_NSHumanReadableCopyright = "";
				LD_RUNPATH_SEARCH_PATHS = (
					"$(inherited)",
					"@executable_path/../Frameworks",
				);
				MACOSX_DEPLOYMENT_TARGET = 12.2;
				MARKETING_VERSION = 1.0;
				PRODUCT_BUNDLE_IDENTIFIER = "Kazuhiro-Owada.github-xcode";
				PRODUCT_NAME = github_xcode;
				SDKROOT = macosx;
				SWIFT_EMIT_LOC_STRINGS = YES;
				SWIFT_VERSION = 5.0;
			};
			name = Debug;
		};
		822DCAD42859E8800051F4A1 /* Release */ = {
			isa = XCBuildConfiguration;
			buildSettings = {
				ASSETCATALOG_COMPILER_APPICON_NAME = AppIcon;
				ASSETCATALOG_COMPILER_GLOBAL_ACCENT_COLOR_NAME = AccentColor;
				CODE_SIGN_ENTITLEMENTS = macOS/macOS.entitlements;
				CODE_SIGN_STYLE = Automatic;
				COMBINE_HIDPI_IMAGES = YES;
				CURRENT_PROJECT_VERSION = 1;
				ENABLE_PREVIEWS = YES;
				GENERATE_INFOPLIST_FILE = YES;
				INFOPLIST_KEY_NSHumanReadableCopyright = "";
				LD_RUNPATH_SEARCH_PATHS = (
					"$(inherited)",
					"@executable_path/../Frameworks",
				);
				MACOSX_DEPLOYMENT_TARGET = 12.2;
				MARKETING_VERSION = 1.0;
				PRODUCT_BUNDLE_IDENTIFIER = "Kazuhiro-Owada.github-xcode";
				PRODUCT_NAME = github_xcode;
				SDKROOT = macosx;
				SWIFT_EMIT_LOC_STRINGS = YES;
				SWIFT_VERSION = 5.0;
			};
			name = Release;
		};
		822DCAD62859E8800051F4A1 /* Debug */ = {
			isa = XCBuildConfiguration;
			buildSettings = {
				ALWAYS_EMBED_SWIFT_STANDARD_LIBRARIES = YES;
				CODE_SIGN_STYLE = Automatic;
				CURRENT_PROJECT_VERSION = 1;
				GENERATE_INFOPLIST_FILE = YES;
				IPHONEOS_DEPLOYMENT_TARGET = 15.5;
				MARKETING_VERSION = 1.0;
				PRODUCT_BUNDLE_IDENTIFIER = "Kazuhiro-Owada.Tests-iOS";
				PRODUCT_NAME = "$(TARGET_NAME)";
				SDKROOT = iphoneos;
				SWIFT_EMIT_LOC_STRINGS = NO;
				SWIFT_VERSION = 5.0;
				TARGETED_DEVICE_FAMILY = "1,2";
				TEST_TARGET_NAME = "github_xcode (iOS)";
			};
			name = Debug;
		};
		822DCAD72859E8800051F4A1 /* Release */ = {
			isa = XCBuildConfiguration;
			buildSettings = {
				ALWAYS_EMBED_SWIFT_STANDARD_LIBRARIES = YES;
				CODE_SIGN_STYLE = Automatic;
				CURRENT_PROJECT_VERSION = 1;
				GENERATE_INFOPLIST_FILE = YES;
				IPHONEOS_DEPLOYMENT_TARGET = 15.5;
				MARKETING_VERSION = 1.0;
				PRODUCT_BUNDLE_IDENTIFIER = "Kazuhiro-Owada.Tests-iOS";
				PRODUCT_NAME = "$(TARGET_NAME)";
				SDKROOT = iphoneos;
				SWIFT_EMIT_LOC_STRINGS = NO;
				SWIFT_VERSION = 5.0;
				TARGETED_DEVICE_FAMILY = "1,2";
				TEST_TARGET_NAME = "github_xcode (iOS)";
				VALIDATE_PRODUCT = YES;
			};
			name = Release;
		};
		822DCAD92859E8800051F4A1 /* Debug */ = {
			isa = XCBuildConfiguration;
			buildSettings = {
				ALWAYS_EMBED_SWIFT_STANDARD_LIBRARIES = YES;
				CODE_SIGN_STYLE = Automatic;
				CURRENT_PROJECT_VERSION = 1;
				GENERATE_INFOPLIST_FILE = YES;
				MACOSX_DEPLOYMENT_TARGET = 12.2;
				MARKETING_VERSION = 1.0;
				PRODUCT_BUNDLE_IDENTIFIER = "Kazuhiro-Owada.Tests-macOS";
				PRODUCT_NAME = "$(TARGET_NAME)";
				SDKROOT = macosx;
				SWIFT_EMIT_LOC_STRINGS = NO;
				SWIFT_VERSION = 5.0;
				TEST_TARGET_NAME = "github_xcode (macOS)";
			};
			name = Debug;
		};
		822DCADA2859E8800051F4A1 /* Release */ = {
			isa = XCBuildConfiguration;
			buildSettings = {
				ALWAYS_EMBED_SWIFT_STANDARD_LIBRARIES = YES;
				CODE_SIGN_STYLE = Automatic;
				CURRENT_PROJECT_VERSION = 1;
				GENERATE_INFOPLIST_FILE = YES;
				MACOSX_DEPLOYMENT_TARGET = 12.2;
				MARKETING_VERSION = 1.0;
				PRODUCT_BUNDLE_IDENTIFIER = "Kazuhiro-Owada.Tests-macOS";
				PRODUCT_NAME = "$(TARGET_NAME)";
				SDKROOT = macosx;
				SWIFT_EMIT_LOC_STRINGS = NO;
				SWIFT_VERSION = 5.0;
				TEST_TARGET_NAME = "github_xcode (macOS)";
			};
			name = Release;
		};
/* End XCBuildConfiguration section */

/* Begin XCConfigurationList section */
		822DCA9D2859E87D0051F4A1 /* Build configuration list for PBXProject "github_xcode" */ = {
			isa = XCConfigurationList;
			buildConfigurations = (
				822DCACD2859E8800051F4A1 /* Debug */,
				822DCACE2859E8800051F4A1 /* Release */,
			);
			defaultConfigurationIsVisible = 0;
			defaultConfigurationName = Release;
		};
		822DCACF2859E8800051F4A1 /* Build configuration list for PBXNativeTarget "github_xcode (iOS)" */ = {
			isa = XCConfigurationList;
			buildConfigurations = (
				822DCAD02859E8800051F4A1 /* Debug */,
				822DCAD12859E8800051F4A1 /* Release */,
			);
			defaultConfigurationIsVisible = 0;
			defaultConfigurationName = Release;
		};
		822DCAD22859E8800051F4A1 /* Build configuration list for PBXNativeTarget "github_xcode (macOS)" */ = {
			isa = XCConfigurationList;
			buildConfigurations = (
				822DCAD32859E8800051F4A1 /* Debug */,
				822DCAD42859E8800051F4A1 /* Release */,
			);
			defaultConfigurationIsVisible = 0;
			defaultConfigurationName = Release;
		};
		822DCAD52859E8800051F4A1 /* Build configuration list for PBXNativeTarget "Tests iOS" */ = {
			isa = XCConfigurationList;
			buildConfigurations = (
				822DCAD62859E8800051F4A1 /* Debug */,
				822DCAD72859E8800051F4A1 /* Release */,
			);
			defaultConfigurationIsVisible = 0;
			defaultConfigurationName = Release;
		};
		822DCAD82859E8800051F4A1 /* Build configuration list for PBXNativeTarget "Tests macOS" */ = {
			isa = XCConfigurationList;
			buildConfigurations = (
				822DCAD92859E8800051F4A1 /* Debug */,
				822DCADA2859E8800051F4A1 /* Release */,
			);
			defaultConfigurationIsVisible = 0;
			defaultConfigurationName = Release;
		};
/* End XCConfigurationList section */
	};
	rootObject = 822DCA9A2859E87D0051F4A1 /* Project object */;
}
